{
    "_readme": [
        "This file locks the dependencies of your project to a known state",
        "Read more about it at https://getcomposer.org/doc/01-basic-usage.md#composer-lock-the-lock-file",
        "This file is @generated automatically"
    ],
    "content-hash": "5895d6e3786726d1baba59867da0b22d",
    "packages": [
        {
            "name": "doctrine/cache",
            "version": "v1.8.0",
            "source": {
                "type": "git",
                "url": "https://github.com/doctrine/cache.git",
                "reference": "d768d58baee9a4862ca783840eca1b9add7a7f57"
            },
            "dist": {
                "type": "zip",
                "url": "https://api.github.com/repos/doctrine/cache/zipball/d768d58baee9a4862ca783840eca1b9add7a7f57",
                "reference": "d768d58baee9a4862ca783840eca1b9add7a7f57",
                "shasum": ""
            },
            "require": {
                "php": "~7.1"
            },
            "conflict": {
                "doctrine/common": ">2.2,<2.4"
            },
            "require-dev": {
                "alcaeus/mongo-php-adapter": "^1.1",
                "doctrine/coding-standard": "^4.0",
                "mongodb/mongodb": "^1.1",
                "phpunit/phpunit": "^7.0",
                "predis/predis": "~1.0"
            },
            "suggest": {
                "alcaeus/mongo-php-adapter": "Required to use legacy MongoDB driver"
            },
            "type": "library",
            "extra": {
                "branch-alias": {
                    "dev-master": "1.8.x-dev"
                }
            },
            "autoload": {
                "psr-4": {
                    "Doctrine\\Common\\Cache\\": "lib/Doctrine/Common/Cache"
                }
            },
            "notification-url": "https://packagist.org/downloads/",
            "license": [
                "MIT"
            ],
            "authors": [
                {
                    "name": "Roman Borschel",
                    "email": "roman@code-factory.org"
                },
                {
                    "name": "Benjamin Eberlei",
                    "email": "kontakt@beberlei.de"
                },
                {
                    "name": "Guilherme Blanco",
                    "email": "guilhermeblanco@gmail.com"
                },
                {
                    "name": "Jonathan Wage",
                    "email": "jonwage@gmail.com"
                },
                {
                    "name": "Johannes Schmitt",
                    "email": "schmittjoh@gmail.com"
                }
            ],
            "description": "Caching library offering an object-oriented API for many cache backends",
            "homepage": "https://www.doctrine-project.org",
            "keywords": [
                "cache",
                "caching"
            ],
            "time": "2018-08-21T18:01:43+00:00"
        },
        {
            "name": "fgrosse/phpasn1",
            "version": "v2.1.1",
            "source": {
                "type": "git",
                "url": "https://github.com/fgrosse/PHPASN1.git",
                "reference": "7ebf2a09084a7bbdb7b879c66fdf7ad80461bbe8"
            },
            "dist": {
                "type": "zip",
                "url": "https://api.github.com/repos/fgrosse/PHPASN1/zipball/7ebf2a09084a7bbdb7b879c66fdf7ad80461bbe8",
                "reference": "7ebf2a09084a7bbdb7b879c66fdf7ad80461bbe8",
                "shasum": ""
            },
            "require": {
                "php": ">=7.0.0"
            },
            "require-dev": {
                "phpunit/phpunit": "~6.3",
                "satooshi/php-coveralls": "~2.0"
            },
            "suggest": {
                "ext-gmp": "GMP is the preferred extension for big integer calculations",
                "php-curl": "For loading OID information from the web if they have not bee defined statically"
            },
            "type": "library",
            "extra": {
                "branch-alias": {
                    "dev-master": "2.0.x-dev"
                }
            },
            "autoload": {
                "psr-4": {
                    "FG\\": "lib/"
                }
            },
            "notification-url": "https://packagist.org/downloads/",
            "license": [
                "MIT"
            ],
            "authors": [
                {
                    "name": "Friedrich Große",
                    "email": "friedrich.grosse@gmail.com",
                    "homepage": "https://github.com/FGrosse",
                    "role": "Author"
                },
                {
                    "name": "All contributors",
                    "homepage": "https://github.com/FGrosse/PHPASN1/contributors"
                }
            ],
            "description": "A PHP Framework that allows you to encode and decode arbitrary ASN.1 structures using the ITU-T X.690 Encoding Rules.",
            "homepage": "https://github.com/FGrosse/PHPASN1",
            "keywords": [
                "DER",
                "asn.1",
                "asn1",
                "ber",
                "binary",
                "decoding",
                "encoding",
                "x.509",
                "x.690",
                "x509",
                "x690"
            ],
            "time": "2018-12-02T01:34:34+00:00"
        },
        {
            "name": "guzzlehttp/guzzle",
            "version": "6.3.3",
            "source": {
                "type": "git",
                "url": "https://github.com/guzzle/guzzle.git",
                "reference": "407b0cb880ace85c9b63c5f9551db498cb2d50ba"
            },
            "dist": {
                "type": "zip",
                "url": "https://api.github.com/repos/guzzle/guzzle/zipball/407b0cb880ace85c9b63c5f9551db498cb2d50ba",
                "reference": "407b0cb880ace85c9b63c5f9551db498cb2d50ba",
                "shasum": ""
            },
            "require": {
                "guzzlehttp/promises": "^1.0",
                "guzzlehttp/psr7": "^1.4",
                "php": ">=5.5"
            },
            "require-dev": {
                "ext-curl": "*",
                "phpunit/phpunit": "^4.8.35 || ^5.7 || ^6.4 || ^7.0",
                "psr/log": "^1.0"
            },
            "suggest": {
                "psr/log": "Required for using the Log middleware"
            },
            "type": "library",
            "extra": {
                "branch-alias": {
                    "dev-master": "6.3-dev"
                }
            },
            "autoload": {
                "files": [
                    "src/functions_include.php"
                ],
                "psr-4": {
                    "GuzzleHttp\\": "src/"
                }
            },
            "notification-url": "https://packagist.org/downloads/",
            "license": [
                "MIT"
            ],
            "authors": [
                {
                    "name": "Michael Dowling",
                    "email": "mtdowling@gmail.com",
                    "homepage": "https://github.com/mtdowling"
                }
            ],
            "description": "Guzzle is a PHP HTTP client library",
            "homepage": "http://guzzlephp.org/",
            "keywords": [
                "client",
                "curl",
                "framework",
                "http",
                "http client",
                "rest",
                "web service"
            ],
            "time": "2018-04-22T15:46:56+00:00"
        },
        {
            "name": "guzzlehttp/promises",
            "version": "v1.3.1",
            "source": {
                "type": "git",
                "url": "https://github.com/guzzle/promises.git",
                "reference": "a59da6cf61d80060647ff4d3eb2c03a2bc694646"
            },
            "dist": {
                "type": "zip",
                "url": "https://api.github.com/repos/guzzle/promises/zipball/a59da6cf61d80060647ff4d3eb2c03a2bc694646",
                "reference": "a59da6cf61d80060647ff4d3eb2c03a2bc694646",
                "shasum": ""
            },
            "require": {
                "php": ">=5.5.0"
            },
            "require-dev": {
                "phpunit/phpunit": "^4.0"
            },
            "type": "library",
            "extra": {
                "branch-alias": {
                    "dev-master": "1.4-dev"
                }
            },
            "autoload": {
                "psr-4": {
                    "GuzzleHttp\\Promise\\": "src/"
                },
                "files": [
                    "src/functions_include.php"
                ]
            },
            "notification-url": "https://packagist.org/downloads/",
            "license": [
                "MIT"
            ],
            "authors": [
                {
                    "name": "Michael Dowling",
                    "email": "mtdowling@gmail.com",
                    "homepage": "https://github.com/mtdowling"
                }
            ],
            "description": "Guzzle promises library",
            "keywords": [
                "promise"
            ],
            "time": "2016-12-20T10:07:11+00:00"
        },
        {
            "name": "guzzlehttp/psr7",
            "version": "1.5.2",
            "source": {
                "type": "git",
                "url": "https://github.com/guzzle/psr7.git",
                "reference": "9f83dded91781a01c63574e387eaa769be769115"
            },
            "dist": {
                "type": "zip",
                "url": "https://api.github.com/repos/guzzle/psr7/zipball/9f83dded91781a01c63574e387eaa769be769115",
                "reference": "9f83dded91781a01c63574e387eaa769be769115",
                "shasum": ""
            },
            "require": {
                "php": ">=5.4.0",
                "psr/http-message": "~1.0",
                "ralouphie/getallheaders": "^2.0.5"
            },
            "provide": {
                "psr/http-message-implementation": "1.0"
            },
            "require-dev": {
                "phpunit/phpunit": "~4.8.36 || ^5.7.27 || ^6.5.8"
            },
            "type": "library",
            "extra": {
                "branch-alias": {
                    "dev-master": "1.5-dev"
                }
            },
            "autoload": {
                "psr-4": {
                    "GuzzleHttp\\Psr7\\": "src/"
                },
                "files": [
                    "src/functions_include.php"
                ]
            },
            "notification-url": "https://packagist.org/downloads/",
            "license": [
                "MIT"
            ],
            "authors": [
                {
                    "name": "Michael Dowling",
                    "email": "mtdowling@gmail.com",
                    "homepage": "https://github.com/mtdowling"
                },
                {
                    "name": "Tobias Schultze",
                    "homepage": "https://github.com/Tobion"
                }
            ],
            "description": "PSR-7 message implementation that also provides common utility methods",
            "keywords": [
                "http",
                "message",
                "psr-7",
                "request",
                "response",
                "stream",
                "uri",
                "url"
            ],
            "time": "2018-12-04T20:46:45+00:00"
        },
        {
            "name": "kevinrob/guzzle-cache-middleware",
            "version": "v3.2.1",
            "source": {
                "type": "git",
                "url": "https://github.com/Kevinrob/guzzle-cache-middleware.git",
                "reference": "dda34401a68c54f06c9338a2cc30ae0aecd879a1"
            },
            "dist": {
                "type": "zip",
                "url": "https://api.github.com/repos/Kevinrob/guzzle-cache-middleware/zipball/dda34401a68c54f06c9338a2cc30ae0aecd879a1",
                "reference": "dda34401a68c54f06c9338a2cc30ae0aecd879a1",
                "shasum": ""
            },
            "require": {
                "php": ">=5.5.0"
            },
            "require-dev": {
                "cache/array-adapter": "^0.4 || ^0.5 || ^1.0",
                "cache/simple-cache-bridge": "^0.1 || ^1.0",
                "doctrine/cache": "^1.0",
                "guzzlehttp/guzzle": "^6.0",
                "illuminate/cache": "^5.0",
                "league/flysystem": "^1.0",
                "phpunit/phpunit": "^4.0 || ^5.0",
                "psr/cache": "^1.0"
            },
            "suggest": {
                "doctrine/cache": "This library have a lot of ready-to-use cache storage (to be use with Kevinrob\\GuzzleCache\\Storage\\DoctrineCacheStorage)",
                "guzzlehttp/guzzle": "For using this library. It was created for Guzzle6. (but you can use it with any PSR-7 HTTP Client)",
                "laravel/framework": "To be use with Kevinrob\\GuzzleCache\\Storage\\LaravelCacheStorage",
                "league/flysystem": "To be use with Kevinrob\\GuzzleCache\\Storage\\FlysystemStorage",
                "psr/cache": "To be use with Kevinrob\\GuzzleCache\\Storage\\Psr6CacheStorage",
                "psr/simple-cache": "To be use with Kevinrob\\GuzzleCache\\Storage\\Psr16CacheStorage"
            },
            "type": "library",
            "autoload": {
                "psr-4": {
                    "Kevinrob\\GuzzleCache\\": "src/"
                }
            },
            "notification-url": "https://packagist.org/downloads/",
            "license": [
                "MIT"
            ],
            "authors": [
                {
                    "name": "Kevin Robatel",
                    "email": "kevinrob2@gmail.com",
                    "homepage": "https://github.com/Kevinrob"
                }
            ],
            "description": "A HTTP/1.1 Cache for Guzzle 6. It's a simple Middleware to be added in the HandlerStack. (RFC 7234)",
            "homepage": "https://github.com/Kevinrob/guzzle-cache-middleware",
            "keywords": [
                "Etag",
                "Flysystem",
                "Guzzle",
                "cache",
                "cache-control",
                "doctrine",
                "expiration",
                "guzzle6",
                "handler",
                "http",
                "http 1.1",
                "middleware",
                "performance",
                "php",
                "promise",
                "psr6",
                "psr7",
                "rfc7234",
                "validation"
            ],
            "time": "2018-01-10T13:55:22+00:00"
        },
        {
            "name": "psr/http-message",
            "version": "1.0.1",
            "source": {
                "type": "git",
                "url": "https://github.com/php-fig/http-message.git",
                "reference": "f6561bf28d520154e4b0ec72be95418abe6d9363"
            },
            "dist": {
                "type": "zip",
                "url": "https://api.github.com/repos/php-fig/http-message/zipball/f6561bf28d520154e4b0ec72be95418abe6d9363",
                "reference": "f6561bf28d520154e4b0ec72be95418abe6d9363",
                "shasum": ""
            },
            "require": {
                "php": ">=5.3.0"
            },
            "type": "library",
            "extra": {
                "branch-alias": {
                    "dev-master": "1.0.x-dev"
                }
            },
            "autoload": {
                "psr-4": {
                    "Psr\\Http\\Message\\": "src/"
                }
            },
            "notification-url": "https://packagist.org/downloads/",
            "license": [
                "MIT"
            ],
            "authors": [
                {
                    "name": "PHP-FIG",
                    "homepage": "http://www.php-fig.org/"
                }
            ],
            "description": "Common interface for HTTP messages",
            "homepage": "https://github.com/php-fig/http-message",
            "keywords": [
                "http",
                "http-message",
                "psr",
                "psr-7",
                "request",
                "response"
            ],
            "time": "2016-08-06T14:39:51+00:00"
        },
        {
            "name": "psr/log",
            "version": "1.1.0",
            "source": {
                "type": "git",
                "url": "https://github.com/php-fig/log.git",
                "reference": "6c001f1daafa3a3ac1d8ff69ee4db8e799a654dd"
            },
            "dist": {
                "type": "zip",
                "url": "https://api.github.com/repos/php-fig/log/zipball/6c001f1daafa3a3ac1d8ff69ee4db8e799a654dd",
                "reference": "6c001f1daafa3a3ac1d8ff69ee4db8e799a654dd",
                "shasum": ""
            },
            "require": {
                "php": ">=5.3.0"
            },
            "type": "library",
            "extra": {
                "branch-alias": {
                    "dev-master": "1.0.x-dev"
                }
            },
            "autoload": {
                "psr-4": {
                    "Psr\\Log\\": "Psr/Log/"
                }
            },
            "notification-url": "https://packagist.org/downloads/",
            "license": [
                "MIT"
            ],
            "authors": [
                {
                    "name": "PHP-FIG",
                    "homepage": "http://www.php-fig.org/"
                }
            ],
            "description": "Common interface for logging libraries",
            "homepage": "https://github.com/php-fig/log",
            "keywords": [
                "log",
                "psr",
                "psr-3"
            ],
            "time": "2018-11-20T15:27:04+00:00"
        },
        {
            "name": "ralouphie/getallheaders",
            "version": "2.0.5",
            "source": {
                "type": "git",
                "url": "https://github.com/ralouphie/getallheaders.git",
                "reference": "5601c8a83fbba7ef674a7369456d12f1e0d0eafa"
            },
            "dist": {
                "type": "zip",
                "url": "https://api.github.com/repos/ralouphie/getallheaders/zipball/5601c8a83fbba7ef674a7369456d12f1e0d0eafa",
                "reference": "5601c8a83fbba7ef674a7369456d12f1e0d0eafa",
                "shasum": ""
            },
            "require": {
                "php": ">=5.3"
            },
            "require-dev": {
                "phpunit/phpunit": "~3.7.0",
                "satooshi/php-coveralls": ">=1.0"
            },
            "type": "library",
            "autoload": {
                "files": [
                    "src/getallheaders.php"
                ]
            },
            "notification-url": "https://packagist.org/downloads/",
            "license": [
                "MIT"
            ],
            "authors": [
                {
                    "name": "Ralph Khattar",
                    "email": "ralph.khattar@gmail.com"
                }
            ],
            "description": "A polyfill for getallheaders.",
            "time": "2016-02-11T07:05:27+00:00"
        },
        {
            "name": "rtheunissen/guzzle-rate-limiter",
            "version": "v2.0.0",
            "source": {
                "type": "git",
                "url": "https://github.com/rtheunissen/guzzle-rate-limiter.git",
                "reference": "25343e26c0d780cea93eac0594a9d622077e82c8"
            },
            "dist": {
                "type": "zip",
                "url": "https://api.github.com/repos/rtheunissen/guzzle-rate-limiter/zipball/25343e26c0d780cea93eac0594a9d622077e82c8",
                "reference": "25343e26c0d780cea93eac0594a9d622077e82c8",
                "shasum": ""
            },
            "require": {
                "guzzlehttp/guzzle": "~6.0",
                "php": ">=5.5",
                "psr/log": "~1.0"
            },
            "require-dev": {
                "mockery/mockery": "~0.9",
                "phpunit/phpunit": "~4.6"
            },
            "type": "library",
            "autoload": {
                "psr-4": {
                    "Concat\\Http\\Middleware\\": "src"
                }
            },
            "notification-url": "https://packagist.org/downloads/",
            "license": [
                "MIT"
            ],
            "authors": [
                {
                    "name": "Rudi Theunissen",
                    "email": "rudolf.theunissen@gmail.com"
                }
            ],
            "description": "Guzzle 6 middleware used to delay requests dynamically",
            "keywords": [
                "Guzzle",
                "Rate",
                "http",
                "middleware",
                "psr7",
                "throttle"
            ],
            "time": "2018-07-04T20:04:33+00:00"
        },
        {
            "name": "spomky-labs/base64url",
            "version": "v2.0.1",
            "source": {
                "type": "git",
                "url": "https://github.com/Spomky-Labs/base64url.git",
                "reference": "3eb46a1de803f0078962d910e3a2759224a68c61"
            },
            "dist": {
                "type": "zip",
                "url": "https://api.github.com/repos/Spomky-Labs/base64url/zipball/3eb46a1de803f0078962d910e3a2759224a68c61",
                "reference": "3eb46a1de803f0078962d910e3a2759224a68c61",
                "shasum": ""
            },
            "require": {
                "php": "^7.1"
            },
            "require-dev": {
                "php-coveralls/php-coveralls": "^2.0",
                "phpunit/phpunit": "^7.0"
            },
            "type": "library",
            "extra": {
                "branch-alias": {
                    "dev-master": "2.0.x-dev"
                }
            },
            "autoload": {
                "psr-4": {
                    "Base64Url\\": "src/"
                }
            },
            "notification-url": "https://packagist.org/downloads/",
            "license": [
                "MIT"
            ],
            "authors": [
                {
                    "name": "Florent Morselli",
                    "homepage": "https://github.com/Spomky-Labs/base64url/contributors"
                }
            ],
            "description": "Base 64 URL Safe Encoding/Decoding PHP Library",
            "homepage": "https://github.com/Spomky-Labs/base64url",
            "keywords": [
                "base64",
                "rfc4648",
                "safe",
                "url"
            ],
            "time": "2018-08-16T15:44:20+00:00"
        },
        {
            "name": "web-token/jwt-checker",
            "version": "v1.3.2",
            "source": {
                "type": "git",
                "url": "https://github.com/web-token/jwt-checker.git",
                "reference": "c5ffe0775a2c64756c35d024f9b7264e6f1ca832"
            },
            "dist": {
                "type": "zip",
                "url": "https://api.github.com/repos/web-token/jwt-checker/zipball/c5ffe0775a2c64756c35d024f9b7264e6f1ca832",
                "reference": "c5ffe0775a2c64756c35d024f9b7264e6f1ca832",
                "shasum": ""
            },
            "require": {
                "web-token/jwt-core": "^1.3"
            },
            "require-dev": {
                "phpunit/phpunit": "^6.0|^7.0"
            },
            "type": "library",
            "extra": {
                "branch-alias": {
                    "dev-master": "1.3.x-dev"
                }
            },
            "autoload": {
                "psr-4": {
                    "Jose\\Component\\Checker\\": ""
                }
            },
            "notification-url": "https://packagist.org/downloads/",
            "license": [
                "MIT"
            ],
            "authors": [
                {
                    "name": "Florent Morselli",
                    "homepage": "https://github.com/Spomky"
                },
                {
                    "name": "All contributors",
                    "homepage": "https://github.com/web-token/jwt-checker/contributors"
                }
            ],
            "description": "Checker component of the JWT Framework.",
            "homepage": "https://github.com/web-token",
            "keywords": [
                "JOSE",
                "JWE",
                "JWK",
                "JWKSet",
                "JWS",
                "Jot",
                "RFC7515",
                "RFC7516",
                "RFC7517",
                "RFC7518",
                "RFC7519",
                "RFC7520",
                "bundle",
                "jwa",
                "jwt",
                "symfony"
            ],
            "time": "2019-01-21T11:37:37+00:00"
        },
        {
            "name": "web-token/jwt-core",
            "version": "v1.3.2",
            "source": {
                "type": "git",
                "url": "https://github.com/web-token/jwt-core.git",
                "reference": "a16a68f488a4732ed7baf4b8ab6c0561f2dc6822"
            },
            "dist": {
                "type": "zip",
                "url": "https://api.github.com/repos/web-token/jwt-core/zipball/a16a68f488a4732ed7baf4b8ab6c0561f2dc6822",
                "reference": "a16a68f488a4732ed7baf4b8ab6c0561f2dc6822",
                "shasum": ""
            },
            "require": {
                "ext-gmp": "*",
                "ext-mbstring": "*",
                "fgrosse/phpasn1": "^2.0",
                "php": "^7.1",
                "spomky-labs/base64url": "^1.0|^2.0"
            },
            "conflict": {
                "spomky-labs/jose": "*"
            },
            "require-dev": {
                "phpunit/phpunit": "^6.0|^7.0"
            },
            "type": "library",
            "extra": {
                "branch-alias": {
                    "dev-master": "1.3.x-dev"
                }
            },
            "autoload": {
                "psr-4": {
                    "Jose\\Component\\Core\\": ""
                }
            },
            "notification-url": "https://packagist.org/downloads/",
            "license": [
                "MIT"
            ],
            "authors": [
                {
                    "name": "Florent Morselli",
                    "homepage": "https://github.com/Spomky"
                },
                {
                    "name": "All contributors",
                    "homepage": "https://github.com/web-token/jwt-core/contributors"
                }
            ],
            "description": "Core component of the JWT Framework.",
            "homepage": "https://github.com/web-token",
            "keywords": [
                "JOSE",
                "JWE",
                "JWK",
                "JWKSet",
                "JWS",
                "Jot",
                "RFC7515",
                "RFC7516",
                "RFC7517",
                "RFC7518",
                "RFC7519",
                "RFC7520",
                "bundle",
                "jwa",
                "jwt",
                "symfony"
            ],
            "time": "2019-01-21T11:37:37+00:00"
        },
        {
            "name": "web-token/jwt-signature",
            "version": "v1.3.2",
            "source": {
                "type": "git",
                "url": "https://github.com/web-token/jwt-signature.git",
                "reference": "2d82fbf6c7b14a3ae7066cc03efaad8fbdc82cee"
            },
            "dist": {
                "type": "zip",
                "url": "https://api.github.com/repos/web-token/jwt-signature/zipball/2d82fbf6c7b14a3ae7066cc03efaad8fbdc82cee",
                "reference": "2d82fbf6c7b14a3ae7066cc03efaad8fbdc82cee",
                "shasum": ""
            },
            "require": {
                "web-token/jwt-core": "^1.3",
                "web-token/jwt-signature-algorithm-ecdsa": "^1.3",
                "web-token/jwt-signature-algorithm-eddsa": "^1.3",
                "web-token/jwt-signature-algorithm-hmac": "^1.3",
                "web-token/jwt-signature-algorithm-none": "^1.3",
                "web-token/jwt-signature-algorithm-rsa": "^1.3"
            },
            "require-dev": {
                "phpunit/phpunit": "^6.0|^7.0"
            },
            "suggest": {
                "web-token/jwt-signature-algorithm-ecdsa": "ECDSA Based Signature Algorithms",
                "web-token/jwt-signature-algorithm-eddsa": "EdDSA Based Signature Algorithms",
                "web-token/jwt-signature-algorithm-experimental": "Experimental Signature Algorithms",
                "web-token/jwt-signature-algorithm-hmac": "HMAC Based Signature Algorithms",
                "web-token/jwt-signature-algorithm-none": "None Signature Algorithm",
                "web-token/jwt-signature-algorithm-rsa": "RSA Based Signature Algorithms"
            },
            "type": "library",
            "extra": {
                "branch-alias": {
                    "dev-master": "1.3.x-dev"
                }
            },
            "autoload": {
                "psr-4": {
                    "Jose\\Component\\Signature\\": ""
                }
            },
            "notification-url": "https://packagist.org/downloads/",
            "license": [
                "MIT"
            ],
            "authors": [
                {
                    "name": "Florent Morselli",
                    "homepage": "https://github.com/Spomky"
                },
                {
                    "name": "All contributors",
                    "homepage": "https://github.com/web-token/jwt-signature/contributors"
                }
            ],
            "description": "Signature component of the JWT Framework.",
            "homepage": "https://github.com/web-token",
            "keywords": [
                "JOSE",
                "JWE",
                "JWK",
                "JWKSet",
                "JWS",
                "Jot",
                "RFC7515",
                "RFC7516",
                "RFC7517",
                "RFC7518",
                "RFC7519",
                "RFC7520",
                "bundle",
                "jwa",
                "jwt",
                "symfony"
            ],
            "time": "2019-01-21T11:37:37+00:00"
        },
        {
            "name": "web-token/jwt-signature-algorithm-ecdsa",
            "version": "v1.3.2",
            "source": {
                "type": "git",
                "url": "https://github.com/web-token/jwt-signature-algorithm-ecdsa.git",
                "reference": "d7900228e90f27936eb6951ac29baa0ae7af3804"
            },
            "dist": {
                "type": "zip",
                "url": "https://api.github.com/repos/web-token/jwt-signature-algorithm-ecdsa/zipball/d7900228e90f27936eb6951ac29baa0ae7af3804",
                "reference": "d7900228e90f27936eb6951ac29baa0ae7af3804",
                "shasum": ""
            },
            "require": {
                "web-token/jwt-signature": "^1.3"
            },
            "require-dev": {
                "phpunit/phpunit": "^6.0|^7.0"
            },
            "type": "library",
            "extra": {
                "branch-alias": {
                    "dev-master": "1.3.x-dev"
                }
            },
            "autoload": {
                "psr-4": {
                    "Jose\\Component\\Signature\\Algorithm\\": ""
                }
            },
            "notification-url": "https://packagist.org/downloads/",
            "license": [
                "MIT"
            ],
            "authors": [
                {
                    "name": "Florent Morselli",
                    "homepage": "https://github.com/Spomky"
                },
                {
                    "name": "All contributors",
                    "homepage": "https://github.com/web-token/jwt-core/contributors"
                }
            ],
            "description": "ECDSA Based Signature Algorithms the JWT Framework.",
            "homepage": "https://github.com/web-token",
            "keywords": [
                "JOSE",
                "JWE",
                "JWK",
                "JWKSet",
                "JWS",
                "Jot",
                "RFC7515",
                "RFC7516",
                "RFC7517",
                "RFC7518",
                "RFC7519",
                "RFC7520",
                "bundle",
                "jwa",
                "jwt",
                "symfony"
            ],
            "time": "2019-01-10T11:49:11+00:00"
        },
        {
            "name": "web-token/jwt-signature-algorithm-eddsa",
            "version": "v1.3.2",
            "source": {
                "type": "git",
                "url": "https://github.com/web-token/jwt-signature-algorithm-eddsa.git",
                "reference": "1014a32f6e3c926496f43b2480af1cbb5c8bd77d"
            },
            "dist": {
                "type": "zip",
                "url": "https://api.github.com/repos/web-token/jwt-signature-algorithm-eddsa/zipball/1014a32f6e3c926496f43b2480af1cbb5c8bd77d",
                "reference": "1014a32f6e3c926496f43b2480af1cbb5c8bd77d",
                "shasum": ""
            },
            "require": {
                "web-token/jwt-signature": "^1.3"
            },
            "require-dev": {
                "phpunit/phpunit": "^6.0|^7.0"
            },
            "type": "library",
            "extra": {
                "branch-alias": {
                    "dev-master": "1.3.x-dev"
                }
            },
            "autoload": {
                "psr-4": {
                    "Jose\\Component\\Signature\\Algorithm\\": ""
                }
            },
            "notification-url": "https://packagist.org/downloads/",
            "license": [
                "MIT"
            ],
            "authors": [
                {
                    "name": "Florent Morselli",
                    "homepage": "https://github.com/Spomky"
                },
                {
                    "name": "All contributors",
                    "homepage": "https://github.com/web-token/jwt-core/contributors"
                }
            ],
            "description": "EdDSA Signature Algorithm the JWT Framework.",
            "homepage": "https://github.com/web-token",
            "keywords": [
                "JOSE",
                "JWE",
                "JWK",
                "JWKSet",
                "JWS",
                "Jot",
                "RFC7515",
                "RFC7516",
                "RFC7517",
                "RFC7518",
                "RFC7519",
                "RFC7520",
                "bundle",
                "jwa",
                "jwt",
                "symfony"
            ],
            "time": "2019-03-11T12:59:14+00:00"
        },
        {
            "name": "web-token/jwt-signature-algorithm-hmac",
            "version": "v1.3.2",
            "source": {
                "type": "git",
                "url": "https://github.com/web-token/jwt-signature-algorithm-hmac.git",
                "reference": "52e2c29944e8f451ae0e6bf2d11e3ed1119d77a4"
            },
            "dist": {
                "type": "zip",
                "url": "https://api.github.com/repos/web-token/jwt-signature-algorithm-hmac/zipball/52e2c29944e8f451ae0e6bf2d11e3ed1119d77a4",
                "reference": "52e2c29944e8f451ae0e6bf2d11e3ed1119d77a4",
                "shasum": ""
            },
            "require": {
                "web-token/jwt-signature": "^1.3"
            },
            "require-dev": {
                "phpunit/phpunit": "^6.0|^7.0"
            },
            "type": "library",
            "extra": {
                "branch-alias": {
                    "dev-master": "1.3.x-dev"
                }
            },
            "autoload": {
                "psr-4": {
                    "Jose\\Component\\Signature\\Algorithm\\": ""
                }
            },
            "notification-url": "https://packagist.org/downloads/",
            "license": [
                "MIT"
            ],
            "authors": [
                {
                    "name": "Florent Morselli",
                    "homepage": "https://github.com/Spomky"
                },
                {
                    "name": "All contributors",
                    "homepage": "https://github.com/web-token/jwt-core/contributors"
                }
            ],
            "description": "HMAC Based Signature Algorithms the JWT Framework.",
            "homepage": "https://github.com/web-token",
            "keywords": [
                "JOSE",
                "JWE",
                "JWK",
                "JWKSet",
                "JWS",
                "Jot",
                "RFC7515",
                "RFC7516",
                "RFC7517",
                "RFC7518",
                "RFC7519",
                "RFC7520",
                "bundle",
                "jwa",
                "jwt",
                "symfony"
            ],
            "time": "2019-01-10T11:49:11+00:00"
        },
        {
            "name": "web-token/jwt-signature-algorithm-none",
            "version": "v1.3.2",
            "source": {
                "type": "git",
                "url": "https://github.com/web-token/jwt-signature-algorithm-none.git",
                "reference": "c1ca34a425c8c7bfbcb2332a7c1dc8f7f6a4c3b0"
            },
            "dist": {
                "type": "zip",
                "url": "https://api.github.com/repos/web-token/jwt-signature-algorithm-none/zipball/c1ca34a425c8c7bfbcb2332a7c1dc8f7f6a4c3b0",
                "reference": "c1ca34a425c8c7bfbcb2332a7c1dc8f7f6a4c3b0",
                "shasum": ""
            },
            "require": {
                "web-token/jwt-signature": "^1.3"
            },
            "require-dev": {
                "phpunit/phpunit": "^6.0|^7.0"
            },
            "type": "library",
            "extra": {
                "branch-alias": {
                    "dev-master": "1.3.x-dev"
                }
            },
            "autoload": {
                "psr-4": {
                    "Jose\\Component\\Signature\\Algorithm\\": ""
                }
            },
            "notification-url": "https://packagist.org/downloads/",
            "license": [
                "MIT"
            ],
            "authors": [
                {
                    "name": "Florent Morselli",
                    "homepage": "https://github.com/Spomky"
                },
                {
                    "name": "All contributors",
                    "homepage": "https://github.com/web-token/jwt-core/contributors"
                }
            ],
            "description": "None Signature Algorithm the JWT Framework.",
            "homepage": "https://github.com/web-token",
            "keywords": [
                "JOSE",
                "JWE",
                "JWK",
                "JWKSet",
                "JWS",
                "Jot",
                "RFC7515",
                "RFC7516",
                "RFC7517",
                "RFC7518",
                "RFC7519",
                "RFC7520",
                "bundle",
                "jwa",
                "jwt",
                "symfony"
            ],
            "time": "2019-01-10T11:49:11+00:00"
        },
        {
            "name": "web-token/jwt-signature-algorithm-rsa",
            "version": "v1.3.2",
            "source": {
                "type": "git",
                "url": "https://github.com/web-token/jwt-signature-algorithm-rsa.git",
                "reference": "212d50d258b94fadb971b239c5e2d2c4a115d52c"
            },
            "dist": {
                "type": "zip",
                "url": "https://api.github.com/repos/web-token/jwt-signature-algorithm-rsa/zipball/212d50d258b94fadb971b239c5e2d2c4a115d52c",
                "reference": "212d50d258b94fadb971b239c5e2d2c4a115d52c",
                "shasum": ""
            },
            "require": {
                "web-token/jwt-signature": "^1.3"
            },
            "require-dev": {
                "phpunit/phpunit": "^6.0|^7.0"
            },
            "type": "library",
            "extra": {
                "branch-alias": {
                    "dev-master": "1.3.x-dev"
                }
            },
            "autoload": {
                "psr-4": {
                    "Jose\\Component\\Signature\\Algorithm\\": ""
                }
            },
            "notification-url": "https://packagist.org/downloads/",
            "license": [
                "MIT"
            ],
            "authors": [
                {
                    "name": "Florent Morselli",
                    "homepage": "https://github.com/Spomky"
                },
                {
                    "name": "All contributors",
                    "homepage": "https://github.com/web-token/jwt-core/contributors"
                }
            ],
            "description": "RSA Based Signature Algorithms the JWT Framework.",
            "homepage": "https://github.com/web-token",
            "keywords": [
                "JOSE",
                "JWE",
                "JWK",
                "JWKSet",
                "JWS",
                "Jot",
                "RFC7515",
                "RFC7516",
                "RFC7517",
                "RFC7518",
                "RFC7519",
                "RFC7520",
                "bundle",
                "jwa",
                "jwt",
                "symfony"
            ],
            "time": "2019-01-10T11:49:11+00:00"
        }
    ],
    "packages-dev": [],
    "aliases": [],
    "minimum-stability": "stable",
    "stability-flags": [],
    "prefer-stable": false,
    "prefer-lowest": false,
    "platform": {
        "php": ">=7.0",
        "ext-curl": "*",
        "ext-json": "*",
        "ext-mbstring": "*"
    },
    "platform-dev": []
}
